// !$*UTF8*$!
{
	archiveVersion = 1;
	classes = {
	};
	objectVersion = 50;
	objects = {

/* Begin PBXBuildFile section */
		519D55425BA36C5F9C55DCE2 /* Pods_YZJRuntimeSafe.framework in Frameworks */ = {isa = PBXBuildFile; fileRef = 25BB9FF7E3C6118977021F37 /* Pods_YZJRuntimeSafe.framework */; };
		AC6C48B521099BF2000FF8EE /* AppDelegate.m in Sources */ = {isa = PBXBuildFile; fileRef = AC6C48B421099BF2000FF8EE /* AppDelegate.m */; };
		AC6C48B821099BF2000FF8EE /* ViewController.m in Sources */ = {isa = PBXBuildFile; fileRef = AC6C48B721099BF2000FF8EE /* ViewController.m */; };
		AC6C48BB21099BF2000FF8EE /* Main.storyboard in Resources */ = {isa = PBXBuildFile; fileRef = AC6C48B921099BF2000FF8EE /* Main.storyboard */; };
		AC6C48BD21099BF3000FF8EE /* Assets.xcassets in Resources */ = {isa = PBXBuildFile; fileRef = AC6C48BC21099BF3000FF8EE /* Assets.xcassets */; };
		AC6C48C021099BF3000FF8EE /* LaunchScreen.storyboard in Resources */ = {isa = PBXBuildFile; fileRef = AC6C48BE21099BF3000FF8EE /* LaunchScreen.storyboard */; };
		AC6C48C321099BF3000FF8EE /* main.m in Sources */ = {isa = PBXBuildFile; fileRef = AC6C48C221099BF3000FF8EE /* main.m */; };
		AC6C48CD21099BF3000FF8EE /* YZJRuntimeSafeTests.m in Sources */ = {isa = PBXBuildFile; fileRef = AC6C48CC21099BF3000FF8EE /* YZJRuntimeSafeTests.m */; };
		AC6C48D821099BF4000FF8EE /* YZJRuntimeSafeUITests.m in Sources */ = {isa = PBXBuildFile; fileRef = AC6C48D721099BF4000FF8EE /* YZJRuntimeSafeUITests.m */; };
		AC6C48E621099E62000FF8EE /* YZJRuntimeSafe.podspec in Resources */ = {isa = PBXBuildFile; fileRef = AC6C48E521099E62000FF8EE /* YZJRuntimeSafe.podspec */; };
/* End PBXBuildFile section */

/* Begin PBXContainerItemProxy section */
		AC6C48C921099BF3000FF8EE /* PBXContainerItemProxy */ = {
			isa = PBXContainerItemProxy;
			containerPortal = AC6C48A821099BF2000FF8EE /* Project object */;
			proxyType = 1;
			remoteGlobalIDString = AC6C48AF21099BF2000FF8EE;
			remoteInfo = YZJRuntimeSafe;
		};
		AC6C48D421099BF4000FF8EE /* PBXContainerItemProxy */ = {
			isa = PBXContainerItemProxy;
			containerPortal = AC6C48A821099BF2000FF8EE /* Project object */;
			proxyType = 1;
			remoteGlobalIDString = AC6C48AF21099BF2000FF8EE;
			remoteInfo = YZJRuntimeSafe;
		};
/* End PBXContainerItemProxy section */

/* Begin PBXFileReference section */
		25BB9FF7E3C6118977021F37 /* Pods_YZJRuntimeSafe.framework */ = {isa = PBXFileReference; explicitFileType = wrapper.framework; includeInIndex = 0; path = Pods_YZJRuntimeSafe.framework; sourceTree = BUILT_PRODUCTS_DIR; };
		32F4B145F2CC51CB957771E0 /* Pods-YZJRuntimeSafe.debug.xcconfig */ = {isa = PBXFileReference; includeInIndex = 1; lastKnownFileType = text.xcconfig; name = "Pods-YZJRuntimeSafe.debug.xcconfig"; path = "Pods/Target Support Files/Pods-YZJRuntimeSafe/Pods-YZJRuntimeSafe.debug.xcconfig"; sourceTree = "<group>"; };
		463DE37A5A5BAD7346367F52 /* Pods-YZJRuntimeSafe.release.xcconfig */ = {isa = PBXFileReference; includeInIndex = 1; lastKnownFileType = text.xcconfig; name = "Pods-YZJRuntimeSafe.release.xcconfig"; path = "Pods/Target Support Files/Pods-YZJRuntimeSafe/Pods-YZJRuntimeSafe.release.xcconfig"; sourceTree = "<group>"; };
		AC6C48B021099BF2000FF8EE /* YZJRuntimeSafe.app */ = {isa = PBXFileReference; explicitFileType = wrapper.application; includeInIndex = 0; path = YZJRuntimeSafe.app; sourceTree = BUILT_PRODUCTS_DIR; };
		AC6C48B321099BF2000FF8EE /* AppDelegate.h */ = {isa = PBXFileReference; lastKnownFileType = sourcecode.c.h; path = AppDelegate.h; sourceTree = "<group>"; };
		AC6C48B421099BF2000FF8EE /* AppDelegate.m */ = {isa = PBXFileReference; lastKnownFileType = sourcecode.c.objc; path = AppDelegate.m; sourceTree = "<group>"; };
		AC6C48B621099BF2000FF8EE /* ViewController.h */ = {isa = PBXFileReference; lastKnownFileType = sourcecode.c.h; path = ViewController.h; sourceTree = "<group>"; };
		AC6C48B721099BF2000FF8EE /* ViewController.m */ = {isa = PBXFileReference; lastKnownFileType = sourcecode.c.objc; path = ViewController.m; sourceTree = "<group>"; };
		AC6C48BA21099BF2000FF8EE /* Base */ = {isa = PBXFileReference; lastKnownFileType = file.storyboard; name = Base; path = Base.lproj/Main.storyboard; sourceTree = "<group>"; };
		AC6C48BC21099BF3000FF8EE /* Assets.xcassets */ = {isa = PBXFileReference; lastKnownFileType = folder.assetcatalog; path = Assets.xcassets; sourceTree = "<group>"; };
		AC6C48BF21099BF3000FF8EE /* Base */ = {isa = PBXFileReference; lastKnownFileType = file.storyboard; name = Base; path = Base.lproj/LaunchScreen.storyboard; sourceTree = "<group>"; };
		AC6C48C121099BF3000FF8EE /* Info.plist */ = {isa = PBXFileReference; lastKnownFileType = text.plist.xml; path = Info.plist; sourceTree = "<group>"; };
		AC6C48C221099BF3000FF8EE /* main.m */ = {isa = PBXFileReference; lastKnownFileType = sourcecode.c.objc; path = main.m; sourceTree = "<group>"; };
		AC6C48C821099BF3000FF8EE /* YZJRuntimeSafeTests.xctest */ = {isa = PBXFileReference; explicitFileType = wrapper.cfbundle; includeInIndex = 0; path = YZJRuntimeSafeTests.xctest; sourceTree = BUILT_PRODUCTS_DIR; };
		AC6C48CC21099BF3000FF8EE /* YZJRuntimeSafeTests.m */ = {isa = PBXFileReference; lastKnownFileType = sourcecode.c.objc; path = YZJRuntimeSafeTests.m; sourceTree = "<group>"; };
		AC6C48CE21099BF3000FF8EE /* Info.plist */ = {isa = PBXFileReference; lastKnownFileType = text.plist.xml; path = Info.plist; sourceTree = "<group>"; };
		AC6C48D321099BF4000FF8EE /* YZJRuntimeSafeUITests.xctest */ = {isa = PBXFileReference; explicitFileType = wrapper.cfbundle; includeInIndex = 0; path = YZJRuntimeSafeUITests.xctest; sourceTree = BUILT_PRODUCTS_DIR; };
		AC6C48D721099BF4000FF8EE /* YZJRuntimeSafeUITests.m */ = {isa = PBXFileReference; lastKnownFileType = sourcecode.c.objc; path = YZJRuntimeSafeUITests.m; sourceTree = "<group>"; };
		AC6C48D921099BF4000FF8EE /* Info.plist */ = {isa = PBXFileReference; lastKnownFileType = text.plist.xml; path = Info.plist; sourceTree = "<group>"; };
		AC6C48E521099E62000FF8EE /* YZJRuntimeSafe.podspec */ = {isa = PBXFileReference; fileEncoding = 4; lastKnownFileType = text; name = YZJRuntimeSafe.podspec; path = ../YZJRuntimeSafe.podspec; sourceTree = "<group>"; };
/* End PBXFileReference section */

/* Begin PBXFrameworksBuildPhase section */
		AC6C48AD21099BF2000FF8EE /* Frameworks */ = {
			isa = PBXFrameworksBuildPhase;
			buildActionMask = 2147483647;
			files = (
				519D55425BA36C5F9C55DCE2 /* Pods_YZJRuntimeSafe.framework in Frameworks */,
			);
			runOnlyForDeploymentPostprocessing = 0;
		};
		AC6C48C521099BF3000FF8EE /* Frameworks */ = {
			isa = PBXFrameworksBuildPhase;
			buildActionMask = 2147483647;
			files = (
			);
			runOnlyForDeploymentPostprocessing = 0;
		};
		AC6C48D021099BF4000FF8EE /* Frameworks */ = {
			isa = PBXFrameworksBuildPhase;
			buildActionMask = 2147483647;
			files = (
			);
			runOnlyForDeploymentPostprocessing = 0;
		};
/* End PBXFrameworksBuildPhase section */

/* Begin PBXGroup section */
		75F50718603408FD1BCBD160 /* Frameworks */ = {
			isa = PBXGroup;
			children = (
				25BB9FF7E3C6118977021F37 /* Pods_YZJRuntimeSafe.framework */,
			);
			name = Frameworks;
			sourceTree = "<group>";
		};
		82E3DB4D22582C70A20E7BA4 /* Pods */ = {
			isa = PBXGroup;
			children = (
				32F4B145F2CC51CB957771E0 /* Pods-YZJRuntimeSafe.debug.xcconfig */,
				463DE37A5A5BAD7346367F52 /* Pods-YZJRuntimeSafe.release.xcconfig */,
			);
			name = Pods;
			sourceTree = "<group>";
		};
		AC6C48A721099BF2000FF8EE = {
			isa = PBXGroup;
			children = (
				AC6C48E521099E62000FF8EE /* YZJRuntimeSafe.podspec */,
				AC6C48B221099BF2000FF8EE /* YZJRuntimeSafe */,
				AC6C48CB21099BF3000FF8EE /* YZJRuntimeSafeTests */,
				AC6C48D621099BF4000FF8EE /* YZJRuntimeSafeUITests */,
				AC6C48B121099BF2000FF8EE /* Products */,
				82E3DB4D22582C70A20E7BA4 /* Pods */,
				75F50718603408FD1BCBD160 /* Frameworks */,
			);
			sourceTree = "<group>";
		};
		AC6C48B121099BF2000FF8EE /* Products */ = {
			isa = PBXGroup;
			children = (
				AC6C48B021099BF2000FF8EE /* YZJRuntimeSafe.app */,
				AC6C48C821099BF3000FF8EE /* YZJRuntimeSafeTests.xctest */,
				AC6C48D321099BF4000FF8EE /* YZJRuntimeSafeUITests.xctest */,
			);
			name = Products;
			sourceTree = "<group>";
		};
		AC6C48B221099BF2000FF8EE /* YZJRuntimeSafe */ = {
			isa = PBXGroup;
			children = (
				AC6C48B321099BF2000FF8EE /* AppDelegate.h */,
				AC6C48B421099BF2000FF8EE /* AppDelegate.m */,
				AC6C48B621099BF2000FF8EE /* ViewController.h */,
				AC6C48B721099BF2000FF8EE /* ViewController.m */,
				AC6C48B921099BF2000FF8EE /* Main.storyboard */,
				AC6C48BC21099BF3000FF8EE /* Assets.xcassets */,
				AC6C48BE21099BF3000FF8EE /* LaunchScreen.storyboard */,
				AC6C48C121099BF3000FF8EE /* Info.plist */,
				AC6C48C221099BF3000FF8EE /* main.m */,
			);
			path = YZJRuntimeSafe;
			sourceTree = "<group>";
		};
		AC6C48CB21099BF3000FF8EE /* YZJRuntimeSafeTests */ = {
			isa = PBXGroup;
			children = (
				AC6C48CC21099BF3000FF8EE /* YZJRuntimeSafeTests.m */,
				AC6C48CE21099BF3000FF8EE /* Info.plist */,
			);
			path = YZJRuntimeSafeTests;
			sourceTree = "<group>";
		};
		AC6C48D621099BF4000FF8EE /* YZJRuntimeSafeUITests */ = {
			isa = PBXGroup;
			children = (
				AC6C48D721099BF4000FF8EE /* YZJRuntimeSafeUITests.m */,
				AC6C48D921099BF4000FF8EE /* Info.plist */,
			);
			path = YZJRuntimeSafeUITests;
			sourceTree = "<group>";
		};
/* End PBXGroup section */

/* Begin PBXNativeTarget section */
		AC6C48AF21099BF2000FF8EE /* YZJRuntimeSafe */ = {
			isa = PBXNativeTarget;
			buildConfigurationList = AC6C48DC21099BF4000FF8EE /* Build configuration list for PBXNativeTarget "YZJRuntimeSafe" */;
			buildPhases = (
				5E617F5FAA7E2047B71E50AC /* [CP] Check Pods Manifest.lock */,
				AC6C48AC21099BF2000FF8EE /* Sources */,
				AC6C48AD21099BF2000FF8EE /* Frameworks */,
				AC6C48AE21099BF2000FF8EE /* Resources */,
			);
			buildRules = (
			);
			dependencies = (
			);
			name = YZJRuntimeSafe;
			productName = YZJRuntimeSafe;
			productReference = AC6C48B021099BF2000FF8EE /* YZJRuntimeSafe.app */;
			productType = "com.apple.product-type.application";
		};
		AC6C48C721099BF3000FF8EE /* YZJRuntimeSafeTests */ = {
			isa = PBXNativeTarget;
			buildConfigurationList = AC6C48DF21099BF4000FF8EE /* Build configuration list for PBXNativeTarget "YZJRuntimeSafeTests" */;
			buildPhases = (
				AC6C48C421099BF3000FF8EE /* Sources */,
				AC6C48C521099BF3000FF8EE /* Frameworks */,
				AC6C48C621099BF3000FF8EE /* Resources */,
			);
			buildRules = (
			);
			dependencies = (
				AC6C48CA21099BF3000FF8EE /* PBXTargetDependency */,
			);
			name = YZJRuntimeSafeTests;
			productName = YZJRuntimeSafeTests;
			productReference = AC6C48C821099BF3000FF8EE /* YZJRuntimeSafeTests.xctest */;
			productType = "com.apple.product-type.bundle.unit-test";
		};
		AC6C48D221099BF4000FF8EE /* YZJRuntimeSafeUITests */ = {
			isa = PBXNativeTarget;
			buildConfigurationList = AC6C48E221099BF4000FF8EE /* Build configuration list for PBXNativeTarget "YZJRuntimeSafeUITests" */;
			buildPhases = (
				AC6C48CF21099BF4000FF8EE /* Sources */,
				AC6C48D021099BF4000FF8EE /* Frameworks */,
				AC6C48D121099BF4000FF8EE /* Resources */,
			);
			buildRules = (
			);
			dependencies = (
				AC6C48D521099BF4000FF8EE /* PBXTargetDependency */,
			);
			name = YZJRuntimeSafeUITests;
			productName = YZJRuntimeSafeUITests;
			productReference = AC6C48D321099BF4000FF8EE /* YZJRuntimeSafeUITests.xctest */;
			productType = "com.apple.product-type.bundle.ui-testing";
		};
/* End PBXNativeTarget section */

/* Begin PBXProject section */
		AC6C48A821099BF2000FF8EE /* Project object */ = {
			isa = PBXProject;
			attributes = {
				LastUpgradeCheck = 0940;
				ORGANIZATIONNAME = yzj;
				TargetAttributes = {
					AC6C48AF21099BF2000FF8EE = {
						CreatedOnToolsVersion = 9.4.1;
					};
					AC6C48C721099BF3000FF8EE = {
						CreatedOnToolsVersion = 9.4.1;
						TestTargetID = AC6C48AF21099BF2000FF8EE;
					};
					AC6C48D221099BF4000FF8EE = {
						CreatedOnToolsVersion = 9.4.1;
						TestTargetID = AC6C48AF21099BF2000FF8EE;
					};
				};
			};
			buildConfigurationList = AC6C48AB21099BF2000FF8EE /* Build configuration list for PBXProject "YZJRuntimeSafe" */;
			compatibilityVersion = "Xcode 9.3";
			developmentRegion = en;
			hasScannedForEncodings = 0;
			knownRegions = (
				en,
				Base,
			);
			mainGroup = AC6C48A721099BF2000FF8EE;
			productRefGroup = AC6C48B121099BF2000FF8EE /* Products */;
			projectDirPath = "";
			projectRoot = "";
			targets = (
				AC6C48AF21099BF2000FF8EE /* YZJRuntimeSafe */,
				AC6C48C721099BF3000FF8EE /* YZJRuntimeSafeTests */,
				AC6C48D221099BF4000FF8EE /* YZJRuntimeSafeUITests */,
			);
		};
/* End PBXProject section */

/* Begin PBXResourcesBuildPhase section */
		AC6C48AE21099BF2000FF8EE /* Resources */ = {
			isa = PBXResourcesBuildPhase;
			buildActionMask = 2147483647;
			files = (
				AC6C48C021099BF3000FF8EE /* LaunchScreen.storyboard in Resources */,
				AC6C48BD21099BF3000FF8EE /* Assets.xcassets in Resources */,
				AC6C48E621099E62000FF8EE /* YZJRuntimeSafe.podspec in Resources */,
				AC6C48BB21099BF2000FF8EE /* Main.storyboard in Resources */,
			);
			runOnlyForDeploymentPostprocessing = 0;
		};
		AC6C48C621099BF3000FF8EE /* Resources */ = {
			isa = PBXResourcesBuildPhase;
			buildActionMask = 2147483647;
			files = (
			);
			runOnlyForDeploymentPostprocessing = 0;
		};
		AC6C48D121099BF4000FF8EE /* Resources */ = {
			isa = PBXResourcesBuildPhase;
			buildActionMask = 2147483647;
			files = (
			);
			runOnlyForDeploymentPostprocessing = 0;
		};
/* End PBXResourcesBuildPhase section */

/* Begin PBXShellScriptBuildPhase section */
		5E617F5FAA7E2047B71E50AC /* [CP] Check Pods Manifest.lock */ = {
			isa = PBXShellScriptBuildPhase;
			buildActionMask = 2147483647;
			files = (
			);
			inputPaths = (
				"${PODS_PODFILE_DIR_PATH}/Podfile.lock",
				"${PODS_ROOT}/Manifest.lock",
			);
			name = "[CP] Check Pods Manifest.lock";
			outputPaths = (
				"$(DERIVED_FILE_DIR)/Pods-YZJRuntimeSafe-checkManifestLockResult.txt",
			);
			runOnlyForDeploymentPostprocessing = 0;
			shellPath = /bin/sh;
			shellScript = "diff \"${PODS_PODFILE_DIR_PATH}/Podfile.lock\" \"${PODS_ROOT}/Manifest.lock\" > /dev/null\nif [ $? != 0 ] ; then\n    # print error to STDERR\n    echo \"error: The sandbox is not in sync with the Podfile.lock. Run 'pod install' or update your CocoaPods installation.\" >&2\n    exit 1\nfi\n# This output is used by Xcode 'outputs' to avoid re-running this script phase.\necho \"SUCCESS\" > \"${SCRIPT_OUTPUT_FILE_0}\"\n";
			showEnvVarsInLog = 0;
		};
/* End PBXShellScriptBuildPhase section */

/* Begin PBXSourcesBuildPhase section */
		AC6C48AC21099BF2000FF8EE /* Sources */ = {
			isa = PBXSourcesBuildPhase;
			buildActionMask = 2147483647;
			files = (
				AC6C48B821099BF2000FF8EE /* ViewController.m in Sources */,
				AC6C48C321099BF3000FF8EE /* main.m in Sources */,
				AC6C48B521099BF2000FF8EE /* AppDelegate.m in Sources */,
			);
			runOnlyForDeploymentPostprocessing = 0;
		};
		AC6C48C421099BF3000FF8EE /* Sources */ = {
			isa = PBXSourcesBuildPhase;
			buildActionMask = 2147483647;
			files = (
				AC6C48CD21099BF3000FF8EE /* YZJRuntimeSafeTests.m in Sources */,
			);
			runOnlyForDeploymentPostprocessing = 0;
		};
		AC6C48CF21099BF4000FF8EE /* Sources */ = {
			isa = PBXSourcesBuildPhase;
			buildActionMask = 2147483647;
			files = (
				AC6C48D821099BF4000FF8EE /* YZJRuntimeSafeUITests.m in Sources */,
			);
			runOnlyForDeploymentPostprocessing = 0;
		};
/* End PBXSourcesBuildPhase section */

/* Begin PBXTargetDependency section */
		AC6C48CA21099BF3000FF8EE /* PBXTargetDependency */ = {
			isa = PBXTargetDependency;
			target = AC6C48AF21099BF2000FF8EE /* YZJRuntimeSafe */;
			targetProxy = AC6C48C921099BF3000FF8EE /* PBXContainerItemProxy */;
		};
		AC6C48D521099BF4000FF8EE /* PBXTargetDependency */ = {
			isa = PBXTargetDependency;
			target = AC6C48AF21099BF2000FF8EE /* YZJRuntimeSafe */;
			targetProxy = AC6C48D421099BF4000FF8EE /* PBXContainerItemProxy */;
		};
/* End PBXTargetDependency section */

/* Begin PBXVariantGroup section */
		AC6C48B921099BF2000FF8EE /* Main.storyboard */ = {
			isa = PBXVariantGroup;
			children = (
				AC6C48BA21099BF2000FF8EE /* Base */,
			);
			name = Main.storyboard;
			sourceTree = "<group>";
		};
		AC6C48BE21099BF3000FF8EE /* LaunchScreen.storyboard */ = {
			isa = PBXVariantGroup;
			children = (
				AC6C48BF21099BF3000FF8EE /* Base */,
			);
			name = LaunchScreen.storyboard;
			sourceTree = "<group>";
		};
/* End PBXVariantGroup section */

/* Begin XCBuildConfiguration section */
		AC6C48DA21099BF4000FF8EE /* Debug */ = {
			isa = XCBuildConfiguration;
			buildSettings = {
				ALWAYS_SEARCH_USER_PATHS = NO;
				CLANG_ANALYZER_NONNULL = YES;
				CLANG_ANALYZER_NUMBER_OBJECT_CONVERSION = YES_AGGRESSIVE;
				CLANG_CXX_LANGUAGE_STANDARD = "gnu++14";
				CLANG_CXX_LIBRARY = "libc++";
				CLANG_ENABLE_MODULES = YES;
				CLANG_ENABLE_OBJC_ARC = YES;
				CLANG_ENABLE_OBJC_WEAK = YES;
				CLANG_WARN_BLOCK_CAPTURE_AUTORELEASING = YES;
				CLANG_WARN_BOOL_CONVERSION = YES;
				CLANG_WARN_COMMA = YES;
				CLANG_WARN_CONSTANT_CONVERSION = YES;
				CLANG_WARN_DEPRECATED_OBJC_IMPLEMENTATIONS = YES;
				CLANG_WARN_DIRECT_OBJC_ISA_USAGE = YES_ERROR;
				CLANG_WARN_DOCUMENTATION_COMMENTS = YES;
				CLANG_WARN_EMPTY_BODY = YES;
				CLANG_WARN_ENUM_CONVERSION = YES;
				CLANG_WARN_INFINITE_RECURSION = YES;
				CLANG_WARN_INT_CONVERSION = YES;
				CLANG_WARN_NON_LITERAL_NULL_CONVERSION = YES;
				CLANG_WARN_OBJC_IMPLICIT_RETAIN_SELF = YES;
				CLANG_WARN_OBJC_LITERAL_CONVERSION = YES;
				CLANG_WARN_OBJC_ROOT_CLASS = YES_ERROR;
				CLANG_WARN_RANGE_LOOP_ANALYSIS = YES;
				CLANG_WARN_STRICT_PROTOTYPES = YES;
				CLANG_WARN_SUSPICIOUS_MOVE = YES;
				CLANG_WARN_UNGUARDED_AVAILABILITY = YES_AGGRESSIVE;
				CLANG_WARN_UNREACHABLE_CODE = YES;
				CLANG_WARN__DUPLICATE_METHOD_MATCH = YES;
				CODE_SIGN_IDENTITY = "iPhone Developer";
				COPY_PHASE_STRIP = NO;
				DEBUG_INFORMATION_FORMAT = dwarf;
				ENABLE_STRICT_OBJC_MSGSEND = YES;
				ENABLE_TESTABILITY = YES;
				GCC_C_LANGUAGE_STANDARD = gnu11;
				GCC_DYNAMIC_NO_PIC = NO;
				GCC_NO_COMMON_BLOCKS = YES;
				GCC_OPTIMIZATION_LEVEL = 0;
				GCC_PREPROCESSOR_DEFINITIONS = (
					"DEBUG=1",
					"$(inherited)",
				);
				GCC_WARN_64_TO_32_BIT_CONVERSION = YES;
				GCC_WARN_ABOUT_RETURN_TYPE = YES_ERROR;
				GCC_WARN_UNDECLARED_SELECTOR = YES;
				GCC_WARN_UNINITIALIZED_AUTOS = YES_AGGRESSIVE;
				GCC_WARN_UNUSED_FUNCTION = YES;
				GCC_WARN_UNUSED_VARIABLE = YES;
				IPHONEOS_DEPLOYMENT_TARGET = 11.4;
				MTL_ENABLE_DEBUG_INFO = YES;
				ONLY_ACTIVE_ARCH = YES;
				SDKROOT = iphoneos;
			};
			name = Debug;
		};
		AC6C48DB21099BF4000FF8EE /* Release */ = {
			isa = XCBuildConfiguration;
			buildSettings = {
				ALWAYS_SEARCH_USER_PATHS = NO;
				CLANG_ANALYZER_NONNULL = YES;
				CLANG_ANALYZER_NUMBER_OBJECT_CONVERSION = YES_AGGRESSIVE;
				CLANG_CXX_LANGUAGE_STANDARD = "gnu++14";
				CLANG_CXX_LIBRARY = "libc++";
				CLANG_ENABLE_MODULES = YES;
				CLANG_ENABLE_OBJC_ARC = YES;
				CLANG_ENABLE_OBJC_WEAK = YES;
				CLANG_WARN_BLOCK_CAPTURE_AUTORELEASING = YES;
				CLANG_WARN_BOOL_CONVERSION = YES;
				CLANG_WARN_COMMA = YES;
				CLANG_WARN_CONSTANT_CONVERSION = YES;
				CLANG_WARN_DEPRECATED_OBJC_IMPLEMENTATIONS = YES;
				CLANG_WARN_DIRECT_OBJC_ISA_USAGE = YES_ERROR;
				CLANG_WARN_DOCUMENTATION_COMMENTS = YES;
				CLANG_WARN_EMPTY_BODY = YES;
				CLANG_WARN_ENUM_CONVERSION = YES;
				CLANG_WARN_INFINITE_RECURSION = YES;
				CLANG_WARN_INT_CONVERSION = YES;
				CLANG_WARN_NON_LITERAL_NULL_CONVERSION = YES;
				CLANG_WARN_OBJC_IMPLICIT_RETAIN_SELF = YES;
				CLANG_WARN_OBJC_LITERAL_CONVERSION = YES;
				CLANG_WARN_OBJC_ROOT_CLASS = YES_ERROR;
				CLANG_WARN_RANGE_LOOP_ANALYSIS = YES;
				CLANG_WARN_STRICT_PROTOTYPES = YES;
				CLANG_WARN_SUSPICIOUS_MOVE = YES;
				CLANG_WARN_UNGUARDED_AVAILABILITY = YES_AGGRESSIVE;
				CLANG_WARN_UNREACHABLE_CODE = YES;
				CLANG_WARN__DUPLICATE_METHOD_MATCH = YES;
				CODE_SIGN_IDENTITY = "iPhone Developer";
				COPY_PHASE_STRIP = NO;
				DEBUG_INFORMATION_FORMAT = "dwarf-with-dsym";
				ENABLE_NS_ASSERTIONS = NO;
				ENABLE_STRICT_OBJC_MSGSEND = YES;
				GCC_C_LANGUAGE_STANDARD = gnu11;
				GCC_NO_COMMON_BLOCKS = YES;
				GCC_WARN_64_TO_32_BIT_CONVERSION = YES;
				GCC_WARN_ABOUT_RETURN_TYPE = YES_ERROR;
				GCC_WARN_UNDECLARED_SELECTOR = YES;
				GCC_WARN_UNINITIALIZED_AUTOS = YES_AGGRESSIVE;
				GCC_WARN_UNUSED_FUNCTION = YES;
				GCC_WARN_UNUSED_VARIABLE = YES;
				IPHONEOS_DEPLOYMENT_TARGET = 11.4;
				MTL_ENABLE_DEBUG_INFO = NO;
				SDKROOT = iphoneos;
				VALIDATE_PRODUCT = YES;
			};
			name = Release;
		};
		AC6C48DD21099BF4000FF8EE /* Debug */ = {
			isa = XCBuildConfiguration;
			baseConfigurationReference = 32F4B145F2CC51CB957771E0 /* Pods-YZJRuntimeSafe.debug.xcconfig */;
			buildSettings = {
				ASSETCATALOG_COMPILER_APPICON_NAME = AppIcon;
				CODE_SIGN_STYLE = Automatic;
				DEVELOPMENT_TEAM = KRQB3E5X27;
				INFOPLIST_FILE = YZJRuntimeSafe/Info.plist;
				LD_RUNPATH_SEARCH_PATHS = (
					"$(inherited)",
					"@executable_path/Frameworks",
				);
				PRODUCT_BUNDLE_IDENTIFIER = bumuyu.2dfire.YZJRuntimeSafe;
				PRODUCT_NAME = "$(TARGET_NAME)";
				TARGETED_DEVICE_FAMILY = "1,2";
			};
			name = Debug;
		};
		AC6C48DE21099BF4000FF8EE /* Release */ = {
			isa = XCBuildConfiguration;
			baseConfigurationReference = 463DE37A5A5BAD7346367F52 /* Pods-YZJRuntimeSafe.release.xcconfig */;
			buildSettings = {
				ASSETCATALOG_COMPILER_APPICON_NAME = AppIcon;
				CODE_SIGN_STYLE = Automatic;
				DEVELOPMENT_TEAM = KRQB3E5X27;
				INFOPLIST_FILE = YZJRuntimeSafe/Info.plist;
				LD_RUNPATH_SEARCH_PATHS = (
					"$(inherited)",
					"@executable_path/Frameworks",
				);
				PRODUCT_BUNDLE_IDENTIFIER = bumuyu.2dfire.YZJRuntimeSafe;
				PRODUCT_NAME = "$(TARGET_NAME)";
				TARGETED_DEVICE_FAMILY = "1,2";
			};
			name = Release;
		};
		AC6C48E021099BF4000FF8EE /* Debug */ = {
			isa = XCBuildConfiguration;
			buildSettings = {
				BUNDLE_LOADER = "$(TEST_HOST)";
				CODE_SIGN_STYLE = Automatic;
				DEVELOPMENT_TEAM = KRQB3E5X27;
				INFOPLIST_FILE = YZJRuntimeSafeTests/Info.plist;
				LD_RUNPATH_SEARCH_PATHS = (
					"$(inherited)",
					"@executable_path/Frameworks",
					"@loader_path/Frameworks",
				);
				PRODUCT_BUNDLE_IDENTIFIER = bumuyu.2dfire.YZJRuntimeSafeTests;
				PRODUCT_NAME = "$(TARGET_NAME)";
				TARGETED_DEVICE_FAMILY = "1,2";
				TEST_HOST = "$(BUILT_PRODUCTS_DIR)/YZJRuntimeSafe.app/YZJRuntimeSafe";
			};
			name = Debug;
		};
		AC6C48E121099BF4000FF8EE /* Release */ = {
			isa = XCBuildConfiguration;
			buildSettings = {
				BUNDLE_LOADER = "$(TEST_HOST)";
				CODE_SIGN_STYLE = Automatic;
				DEVELOPMENT_TEAM = KRQB3E5X27;
				INFOPLIST_FILE = YZJRuntimeSafeTests/Info.plist;
				LD_RUNPATH_SEARCH_PATHS = (
					"$(inherited)",
					"@executable_path/Frameworks",
					"@loader_path/Frameworks",
				);
				PRODUCT_BUNDLE_IDENTIFIER = bumuyu.2dfire.YZJRuntimeSafeTests;
				PRODUCT_NAME = "$(TARGET_NAME)";
				TARGETED_DEVICE_FAMILY = "1,2";
				TEST_HOST = "$(BUILT_PRODUCTS_DIR)/YZJRuntimeSafe.app/YZJRuntimeSafe";
			};
			name = Release;
		};
		AC6C48E321099BF4000FF8EE /* Debug */ = {
			isa = XCBuildConfiguration;
			buildSettings = {
				CODE_SIGN_STYLE = Automatic;
				DEVELOPMENT_TEAM = KRQB3E5X27;
				INFOPLIST_FILE = YZJRuntimeSafeUITests/Info.plist;
				LD_RUNPATH_SEARCH_PATHS = (
					"$(inherited)",
					"@executable_path/Frameworks",
					"@loader_path/Frameworks",
				);
				PRODUCT_BUNDLE_IDENTIFIER = bumuyu.2dfire.YZJRuntimeSafeUITests;
				PRODUCT_NAME = "$(TARGET_NAME)";
				TARGETED_DEVICE_FAMILY = "1,2";
				TEST_TARGET_NAME = YZJRuntimeSafe;
			};
			name = Debug;
		};
		AC6C48E421099BF4000FF8EE /* Release */ = {
			isa = XCBuildConfiguration;
			buildSettings = {
				CODE_SIGN_STYLE = Automatic;
				DEVELOPMENT_TEAM = KRQB3E5X27;
				INFOPLIST_FILE = YZJRuntimeSafeUITests/Info.plist;
				LD_RUNPATH_SEARCH_PATHS = (
					"$(inherited)",
					"@executable_path/Frameworks",
					"@loader_path/Frameworks",
				);
				PRODUCT_BUNDLE_IDENTIFIER = bumuyu.2dfire.YZJRuntimeSafeUITests;
				PRODUCT_NAME = "$(TARGET_NAME)";
				TARGETED_DEVICE_FAMILY = "1,2";
				TEST_TARGET_NAME = YZJRuntimeSafe;
			};
			name = Release;
		};
/* End XCBuildConfiguration section */

/* Begin XCConfigurationList section */
		AC6C48AB21099BF2000FF8EE /* Build configuration list for PBXProject "YZJRuntimeSafe" */ = {
			isa = XCConfigurationList;
			buildConfigurations = (
				AC6C48DA21099BF4000FF8EE /* Debug */,
				AC6C48DB21099BF4000FF8EE /* Release */,
			);
			defaultConfigurationIsVisible = 0;
			defaultConfigurationName = Release;
		};
		AC6C48DC21099BF4000FF8EE /* Build configuration list for PBXNativeTarget "YZJRuntimeSafe" */ = {
			isa = XCConfigurationList;
			buildConfigurations = (
				AC6C48DD21099BF4000FF8EE /* Debug */,
				AC6C48DE21099BF4000FF8EE /* Release */,
			);
			defaultConfigurationIsVisible = 0;
			defaultConfigurationName = Release;
		};
		AC6C48DF21099BF4000FF8EE /* Build configuration list for PBXNativeTarget "YZJRuntimeSafeTests" */ = {
			isa = XCConfigurationList;
			buildConfigurations = (
				AC6C48E021099BF4000FF8EE /* Debug */,
				AC6C48E121099BF4000FF8EE /* Release */,
			);
			defaultConfigurationIsVisible = 0;
			defaultConfigurationName = Release;
		};
		AC6C48E221099BF4000FF8EE /* Build configuration list for PBXNativeTarget "YZJRuntimeSafeUITests" */ = {
			isa = XCConfigurationList;
			buildConfigurations = (
				AC6C48E321099BF4000FF8EE /* Debug */,
				AC6C48E421099BF4000FF8EE /* Release */,
			);
			defaultConfigurationIsVisible = 0;
			defaultConfigurationName = Release;
		};
/* End XCConfigurationList section */
	};
	rootObject = AC6C48A821099BF2000FF8EE /* Project object */;
}
